// !$*UTF8*$!
{
	archiveVersion = 1;
	classes = {
	};
	objectVersion = 50;
	objects = {

/* Begin PBXBuildFile section */
		B01644AB25FCEED700C13FE5 /* Home.swift in Sources */ = {isa = PBXBuildFile; fileRef = B01644AA25FCEED700C13FE5 /* Home.swift */; };
		B01644AF25FCEF8200C13FE5 /* CategoryRow.swift in Sources */ = {isa = PBXBuildFile; fileRef = B01644AE25FCEF8200C13FE5 /* CategoryRow.swift */; };
		B08956B725FD315C00ECC476 /* MainCard.swift in Sources */ = {isa = PBXBuildFile; fileRef = B08956B625FD315C00ECC476 /* MainCard.swift */; };
		B08F159325D62C3D002F04EA /* NodeumApp.swift in Sources */ = {isa = PBXBuildFile; fileRef = B08F159225D62C3D002F04EA /* NodeumApp.swift */; };
		B08F159725D62C3E002F04EA /* Assets.xcassets in Resources */ = {isa = PBXBuildFile; fileRef = B08F159625D62C3E002F04EA /* Assets.xcassets */; };
		B08F159A25D62C3E002F04EA /* Preview Assets.xcassets in Resources */ = {isa = PBXBuildFile; fileRef = B08F159925D62C3E002F04EA /* Preview Assets.xcassets */; };
		B0FFA05925F16DAD0079C4D1 /* NodeumData.swift in Sources */ = {isa = PBXBuildFile; fileRef = B0FFA05825F16DAD0079C4D1 /* NodeumData.swift */; };
		B0FFA05D25F16DC90079C4D1 /* NodeumItem.swift in Sources */ = {isa = PBXBuildFile; fileRef = B0FFA05C25F16DC90079C4D1 /* NodeumItem.swift */; };
/* End PBXBuildFile section */

/* Begin PBXFileReference section */
		B01644AA25FCEED700C13FE5 /* Home.swift */ = {isa = PBXFileReference; lastKnownFileType = sourcecode.swift; path = Home.swift; sourceTree = "<group>"; };
		B01644AE25FCEF8200C13FE5 /* CategoryRow.swift */ = {isa = PBXFileReference; lastKnownFileType = sourcecode.swift; path = CategoryRow.swift; sourceTree = "<group>"; };
		B08956B625FD315C00ECC476 /* MainCard.swift */ = {isa = PBXFileReference; lastKnownFileType = sourcecode.swift; path = MainCard.swift; sourceTree = "<group>"; };
		B08F158F25D62C3D002F04EA /* Nodeum.app */ = {isa = PBXFileReference; explicitFileType = wrapper.application; includeInIndex = 0; path = Nodeum.app; sourceTree = BUILT_PRODUCTS_DIR; };
		B08F159225D62C3D002F04EA /* NodeumApp.swift */ = {isa = PBXFileReference; lastKnownFileType = sourcecode.swift; path = NodeumApp.swift; sourceTree = "<group>"; };
		B08F159625D62C3E002F04EA /* Assets.xcassets */ = {isa = PBXFileReference; lastKnownFileType = folder.assetcatalog; path = Assets.xcassets; sourceTree = "<group>"; };
		B08F159925D62C3E002F04EA /* Preview Assets.xcassets */ = {isa = PBXFileReference; lastKnownFileType = folder.assetcatalog; path = "Preview Assets.xcassets"; sourceTree = "<group>"; };
		B08F159B25D62C3E002F04EA /* Info.plist */ = {isa = PBXFileReference; lastKnownFileType = text.plist.xml; path = Info.plist; sourceTree = "<group>"; };
		B0FFA05825F16DAD0079C4D1 /* NodeumData.swift */ = {isa = PBXFileReference; lastKnownFileType = sourcecode.swift; path = NodeumData.swift; sourceTree = "<group>"; };
		B0FFA05C25F16DC90079C4D1 /* NodeumItem.swift */ = {isa = PBXFileReference; lastKnownFileType = sourcecode.swift; path = NodeumItem.swift; sourceTree = "<group>"; };
/* End PBXFileReference section */

/* Begin PBXFrameworksBuildPhase section */
		B08F158C25D62C3D002F04EA /* Frameworks */ = {
			isa = PBXFrameworksBuildPhase;
			buildActionMask = 2147483647;
			files = (
			);
			runOnlyForDeploymentPostprocessing = 0;
		};
/* End PBXFrameworksBuildPhase section */

/* Begin PBXGroup section */
		B01644A725FCEA9F00C13FE5 /* Home */ = {
			isa = PBXGroup;
			children = (
				B01644AA25FCEED700C13FE5 /* Home.swift */,
				B08956B625FD315C00ECC476 /* MainCard.swift */,
				B01644AE25FCEF8200C13FE5 /* CategoryRow.swift */,
			);
			path = Home;
			sourceTree = "<group>";
		};
		B06CC2E025F16EE3006EED3E /* Views */ = {
			isa = PBXGroup;
			children = (
				B01644A725FCEA9F00C13FE5 /* Home */,
			);
			path = Views;
			sourceTree = "<group>";
		};
		B08F158625D62C3D002F04EA = {
			isa = PBXGroup;
			children = (
				B08F159125D62C3D002F04EA /* Nodeum */,
				B08F159025D62C3D002F04EA /* Products */,
			);
			sourceTree = "<group>";
		};
		B08F159025D62C3D002F04EA /* Products */ = {
			isa = PBXGroup;
			children = (
				B08F158F25D62C3D002F04EA /* Nodeum.app */,
			);
			name = Products;
			sourceTree = "<group>";
		};
		B08F159125D62C3D002F04EA /* Nodeum */ = {
			isa = PBXGroup;
			children = (
				B08F159225D62C3D002F04EA /* NodeumApp.swift */,
				B06CC2E025F16EE3006EED3E /* Views */,
				B0FFA05B25F16DBF0079C4D1 /* Models */,
				B08F159625D62C3E002F04EA /* Assets.xcassets */,
				B08F159B25D62C3E002F04EA /* Info.plist */,
				B08F159825D62C3E002F04EA /* Preview Content */,
			);
			path = Nodeum;
			sourceTree = "<group>";
		};
		B08F159825D62C3E002F04EA /* Preview Content */ = {
			isa = PBXGroup;
			children = (
				B08F159925D62C3E002F04EA /* Preview Assets.xcassets */,
			);
			path = "Preview Content";
			sourceTree = "<group>";
		};
		B0FFA05B25F16DBF0079C4D1 /* Models */ = {
			isa = PBXGroup;
			children = (
				B0FFA05C25F16DC90079C4D1 /* NodeumItem.swift */,
				B0FFA05825F16DAD0079C4D1 /* NodeumData.swift */,
			);
			path = Models;
			sourceTree = "<group>";
		};
/* End PBXGroup section */

/* Begin PBXNativeTarget section */
		B08F158E25D62C3D002F04EA /* Nodeum */ = {
			isa = PBXNativeTarget;
			buildConfigurationList = B08F159E25D62C3E002F04EA /* Build configuration list for PBXNativeTarget "Nodeum" */;
			buildPhases = (
				B08F158B25D62C3D002F04EA /* Sources */,
				B08F158C25D62C3D002F04EA /* Frameworks */,
				B08F158D25D62C3D002F04EA /* Resources */,
			);
			buildRules = (
			);
			dependencies = (
			);
			name = Nodeum;
			productName = Nodeum;
			productReference = B08F158F25D62C3D002F04EA /* Nodeum.app */;
			productType = "com.apple.product-type.application";
		};
/* End PBXNativeTarget section */

/* Begin PBXProject section */
		B08F158725D62C3D002F04EA /* Project object */ = {
			isa = PBXProject;
			attributes = {
				LastSwiftUpdateCheck = 1240;
				LastUpgradeCheck = 1240;
				TargetAttributes = {
					B08F158E25D62C3D002F04EA = {
						CreatedOnToolsVersion = 12.4;
					};
				};
			};
			buildConfigurationList = B08F158A25D62C3D002F04EA /* Build configuration list for PBXProject "Nodeum" */;
			compatibilityVersion = "Xcode 9.3";
			developmentRegion = en;
			hasScannedForEncodings = 0;
			knownRegions = (
				en,
				Base,
			);
			mainGroup = B08F158625D62C3D002F04EA;
			productRefGroup = B08F159025D62C3D002F04EA /* Products */;
			projectDirPath = "";
			projectRoot = "";
			targets = (
				B08F158E25D62C3D002F04EA /* Nodeum */,
			);
		};
/* End PBXProject section */

/* Begin PBXResourcesBuildPhase section */
		B08F158D25D62C3D002F04EA /* Resources */ = {
			isa = PBXResourcesBuildPhase;
			buildActionMask = 2147483647;
			files = (
				B08F159A25D62C3E002F04EA /* Preview Assets.xcassets in Resources */,
				B08F159725D62C3E002F04EA /* Assets.xcassets in Resources */,
			);
			runOnlyForDeploymentPostprocessing = 0;
		};
/* End PBXResourcesBuildPhase section */

/* Begin PBXSourcesBuildPhase section */
		B08F158B25D62C3D002F04EA /* Sources */ = {
			isa = PBXSourcesBuildPhase;
			buildActionMask = 2147483647;
			files = (
				B0FFA05925F16DAD0079C4D1 /* NodeumData.swift in Sources */,
				B01644AF25FCEF8200C13FE5 /* CategoryRow.swift in Sources */,
				B01644AB25FCEED700C13FE5 /* Home.swift in Sources */,
				B08F159325D62C3D002F04EA /* NodeumApp.swift in Sources */,
				B0FFA05D25F16DC90079C4D1 /* NodeumItem.swift in Sources */,
				B08956B725FD315C00ECC476 /* MainCard.swift in Sources */,
			);
			runOnlyForDeploymentPostprocessing = 0;
		};
/* End PBXSourcesBuildPhase section */

/* Begin XCBuildConfiguration section */
		B08F159C25D62C3E002F04EA /* Debug */ = {
			isa = XCBuildConfiguration;
			buildSettings = {
				ALWAYS_SEARCH_USER_PATHS = NO;
				CLANG_ANALYZER_NONNULL = YES;
				CLANG_ANALYZER_NUMBER_OBJECT_CONVERSION = YES_AGGRESSIVE;
				CLANG_CXX_LANGUAGE_STANDARD = "gnu++14";
				CLANG_CXX_LIBRARY = "libc++";
				CLANG_ENABLE_MODULES = YES;
				CLANG_ENABLE_OBJC_ARC = YES;
				CLANG_ENABLE_OBJC_WEAK = YES;
				CLANG_WARN_BLOCK_CAPTURE_AUTORELEASING = YES;
				CLANG_WARN_BOOL_CONVERSION = YES;
				CLANG_WARN_COMMA = YES;
				CLANG_WARN_CONSTANT_CONVERSION = YES;
				CLANG_WARN_DEPRECATED_OBJC_IMPLEMENTATIONS = YES;
				CLANG_WARN_DIRECT_OBJC_ISA_USAGE = YES_ERROR;
				CLANG_WARN_DOCUMENTATION_COMMENTS = YES;
				CLANG_WARN_EMPTY_BODY = YES;
				CLANG_WARN_ENUM_CONVERSION = YES;
				CLANG_WARN_INFINITE_RECURSION = YES;
				CLANG_WARN_INT_CONVERSION = YES;
				CLANG_WARN_NON_LITERAL_NULL_CONVERSION = YES;
				CLANG_WARN_OBJC_IMPLICIT_RETAIN_SELF = YES;
				CLANG_WARN_OBJC_LITERAL_CONVERSION = YES;
				CLANG_WARN_OBJC_ROOT_CLASS = YES_ERROR;
				CLANG_WARN_QUOTED_INCLUDE_IN_FRAMEWORK_HEADER = YES;
				CLANG_WARN_RANGE_LOOP_ANALYSIS = YES;
				CLANG_WARN_STRICT_PROTOTYPES = YES;
				CLANG_WARN_SUSPICIOUS_MOVE = YES;
				CLANG_WARN_UNGUARDED_AVAILABILITY = YES_AGGRESSIVE;
				CLANG_WARN_UNREACHABLE_CODE = YES;
				CLANG_WARN__DUPLICATE_METHOD_MATCH = YES;
				COPY_PHASE_STRIP = NO;
				DEBUG_INFORMATION_FORMAT = dwarf;
				ENABLE_STRICT_OBJC_MSGSEND = YES;
				ENABLE_TESTABILITY = YES;
				GCC_C_LANGUAGE_STANDARD = gnu11;
				GCC_DYNAMIC_NO_PIC = NO;
				GCC_NO_COMMON_BLOCKS = YES;
				GCC_OPTIMIZATION_LEVEL = 0;
				GCC_PREPROCESSOR_DEFINITIONS = (
					"DEBUG=1",
					"$(inherited)",
				);
				GCC_WARN_64_TO_32_BIT_CONVERSION = YES;
				GCC_WARN_ABOUT_RETURN_TYPE = YES_ERROR;
				GCC_WARN_UNDECLARED_SELECTOR = YES;
				GCC_WARN_UNINITIALIZED_AUTOS = YES_AGGRESSIVE;
				GCC_WARN_UNUSED_FUNCTION = YES;
				GCC_WARN_UNUSED_VARIABLE = YES;
				IPHONEOS_DEPLOYMENT_TARGET = 14.4;
				MTL_ENABLE_DEBUG_INFO = INCLUDE_SOURCE;
				MTL_FAST_MATH = YES;
				ONLY_ACTIVE_ARCH = YES;
				SDKROOT = iphoneos;
				SWIFT_ACTIVE_COMPILATION_CONDITIONS = DEBUG;
				SWIFT_OPTIMIZATION_LEVEL = "-Onone";
			};
			name = Debug;
		};
		B08F159D25D62C3E002F04EA /* Release */ = {
			isa = XCBuildConfiguration;
			buildSettings = {
				ALWAYS_SEARCH_USER_PATHS = NO;
				CLANG_ANALYZER_NONNULL = YES;
				CLANG_ANALYZER_NUMBER_OBJECT_CONVERSION = YES_AGGRESSIVE;
				CLANG_CXX_LANGUAGE_STANDARD = "gnu++14";
				CLANG_CXX_LIBRARY = "libc++";
				CLANG_ENABLE_MODULES = YES;
				CLANG_ENABLE_OBJC_ARC = YES;
				CLANG_ENABLE_OBJC_WEAK = YES;
				CLANG_WARN_BLOCK_CAPTURE_AUTORELEASING = YES;
				CLANG_WARN_BOOL_CONVERSION = YES;
				CLANG_WARN_COMMA = YES;
				CLANG_WARN_CONSTANT_CONVERSION = YES;
				CLANG_WARN_DEPRECATED_OBJC_IMPLEMENTATIONS = YES;
				CLANG_WARN_DIRECT_OBJC_ISA_USAGE = YES_ERROR;
				CLANG_WARN_DOCUMENTATION_COMMENTS = YES;
				CLANG_WARN_EMPTY_BODY = YES;
				CLANG_WARN_ENUM_CONVERSION = YES;
				CLANG_WARN_INFINITE_RECURSION = YES;
				CLANG_WARN_INT_CONVERSION = YES;
				CLANG_WARN_NON_LITERAL_NULL_CONVERSION = YES;
				CLANG_WARN_OBJC_IMPLICIT_RETAIN_SELF = YES;
				CLANG_WARN_OBJC_LITERAL_CONVERSION = YES;
				CLANG_WARN_OBJC_ROOT_CLASS = YES_ERROR;
				CLANG_WARN_QUOTED_INCLUDE_IN_FRAMEWORK_HEADER = YES;
				CLANG_WARN_RANGE_LOOP_ANALYSIS = YES;
				CLANG_WARN_STRICT_PROTOTYPES = YES;
				CLANG_WARN_SUSPICIOUS_MOVE = YES;
				CLANG_WARN_UNGUARDED_AVAILABILITY = YES_AGGRESSIVE;
				CLANG_WARN_UNREACHABLE_CODE = YES;
				CLANG_WARN__DUPLICATE_METHOD_MATCH = YES;
				COPY_PHASE_STRIP = NO;
				DEBUG_INFORMATION_FORMAT = "dwarf-with-dsym";
				ENABLE_NS_ASSERTIONS = NO;
				ENABLE_STRICT_OBJC_MSGSEND = YES;
				GCC_C_LANGUAGE_STANDARD = gnu11;
				GCC_NO_COMMON_BLOCKS = YES;
				GCC_WARN_64_TO_32_BIT_CONVERSION = YES;
				GCC_WARN_ABOUT_RETURN_TYPE = YES_ERROR;
				GCC_WARN_UNDECLARED_SELECTOR = YES;
				GCC_WARN_UNINITIALIZED_AUTOS = YES_AGGRESSIVE;
				GCC_WARN_UNUSED_FUNCTION = YES;
				GCC_WARN_UNUSED_VARIABLE = YES;
				IPHONEOS_DEPLOYMENT_TARGET = 14.4;
				MTL_ENABLE_DEBUG_INFO = NO;
				MTL_FAST_MATH = YES;
				SDKROOT = iphoneos;
				SWIFT_COMPILATION_MODE = wholemodule;
				SWIFT_OPTIMIZATION_LEVEL = "-O";
				VALIDATE_PRODUCT = YES;
			};
			name = Release;
		};
		B08F159F25D62C3E002F04EA /* Debug */ = {
			isa = XCBuildConfiguration;
			buildSettings = {
				ASSETCATALOG_COMPILER_APPICON_NAME = AppIcon;
				ASSETCATALOG_COMPILER_GLOBAL_ACCENT_COLOR_NAME = AccentColor;
				CODE_SIGN_STYLE = Automatic;
				DEVELOPMENT_ASSET_PATHS = "\"Nodeum/Preview Content\"";
				DEVELOPMENT_TEAM = 7QX4YC42U8;
				ENABLE_PREVIEWS = YES;
				INFOPLIST_FILE = Nodeum/Info.plist;
				IPHONEOS_DEPLOYMENT_TARGET = 14.0;
				LD_RUNPATH_SEARCH_PATHS = (
					"$(inherited)",
					"@executable_path/Frameworks",
				);
				PRODUCT_BUNDLE_IDENTIFIER = com.fitotoledano.Nodeum;
				PRODUCT_NAME = "$(TARGET_NAME)";
				SWIFT_VERSION = 5.0;
				TARGETED_DEVICE_FAMILY = "1,2";
			};
			name = Debug;
		};
		B08F15A025D62C3E002F04EA /* Release */ = {
			isa = XCBuildConfiguration;
			buildSettings = {
				ASSETCATALOG_COMPILER_APPICON_NAME = AppIcon;
				ASSETCATALOG_COMPILER_GLOBAL_ACCENT_COLOR_NAME = AccentColor;
				CODE_SIGN_STYLE = Automatic;
				DEVELOPMENT_ASSET_PATHS = "\"Nodeum/Preview Content\"";
				DEVELOPMENT_TEAM = 7QX4YC42U8;
				ENABLE_PREVIEWS = YES;
				INFOPLIST_FILE = Nodeum/Info.plist;
				IPHONEOS_DEPLOYMENT_TARGET = 14.0;
				LD_RUNPATH_SEARCH_PATHS = (
					"$(inherited)",
					"@executable_path/Frameworks",
				);
				PRODUCT_BUNDLE_IDENTIFIER = com.fitotoledano.Nodeum;
				PRODUCT_NAME = "$(TARGET_NAME)";
				SWIFT_VERSION = 5.0;
				TARGETED_DEVICE_FAMILY = "1,2";
			};
			name = Release;
		};
/* End XCBuildConfiguration section */

/* Begin XCConfigurationList section */
		B08F158A25D62C3D002F04EA /* Build configuration list for PBXProject "Nodeum" */ = {
			isa = XCConfigurationList;
			buildConfigurations = (
				B08F159C25D62C3E002F04EA /* Debug */,
				B08F159D25D62C3E002F04EA /* Release */,
			);
			defaultConfigurationIsVisible = 0;
			defaultConfigurationName = Release;
		};
		B08F159E25D62C3E002F04EA /* Build configuration list for PBXNativeTarget "Nodeum" */ = {
			isa = XCConfigurationList;
			buildConfigurations = (
				B08F159F25D62C3E002F04EA /* Debug */,
				B08F15A025D62C3E002F04EA /* Release */,
			);
			defaultConfigurationIsVisible = 0;
			defaultConfigurationName = Release;
		};
/* End XCConfigurationList section */
	};
	rootObject = B08F158725D62C3D002F04EA /* Project object */;
}
